PODS:
  - Kiwi/ARC (2.2.4)
  - Kiwi/NonARC (2.2.4)
  - Kiwi/XCTest (2.2.4):
    - Kiwi/ARC
    - Kiwi/NonARC
  - Masonry (0.5.3)
  - NimbusBase (0.2.4)
  - Reachability (3.2)
  - ReactiveCocoa (2.3.1):
    - ReactiveCocoa/UI (= 2.3.1)
  - ReactiveCocoa/Core (2.3.1):
    - ReactiveCocoa/no-arc
  - ReactiveCocoa/no-arc (2.3.1)
  - ReactiveCocoa/UI (2.3.1):
    - ReactiveCocoa/Core

DEPENDENCIES:
  - Kiwi/XCTest
  - Masonry
  - NimbusBase (~> 0.2.4)
  - Reachability
  - ReactiveCocoa

SPEC CHECKSUMS:
  Kiwi: c73667f2b84cbf36f1a3830267c5a4ae8dcbd8ba
  Masonry: 35368c2ca9577ca87722c12fc52c4bad9b1c1516
  NimbusBase: 4df7ce661bf77613db91722c093a9c02697bf3c6
  Reachability: 1ef8adf5c4e3d362f96515d4278f68dad3c26930
  ReactiveCocoa: dca75777b9d18990c8714a3a6f2149f29b4d1462

COCOAPODS: 0.35.0
