<?xml version="1.0" encoding="UTF-8"?>
<!DOCTYPE plist PUBLIC "-//Apple//DTD PLIST 1.0//EN" "http://www.apple.com/DTDs/PropertyList-1.0.dtd">
<plist version="1.0">
<dict>
	<key>archiveVersion</key>
	<string>1</string>
	<key>classes</key>
	<dict/>
	<key>objectVersion</key>
	<string>46</string>
	<key>objects</key>
	<dict>
		<key>1798708A0D3B0480935FD0C6</key>
		<dict>
			<key>includeInIndex</key>
			<string>1</string>
			<key>isa</key>
			<string>PBXFileReference</string>
			<key>lastKnownFileType</key>
			<string>text.xcconfig</string>
			<key>name</key>
			<string>Pods-r2048Tests.debug.xcconfig</string>
			<key>path</key>
			<string>Pods/Target Support Files/Pods-r2048Tests/Pods-r2048Tests.debug.xcconfig</string>
			<key>sourceTree</key>
			<string>&lt;group&gt;</string>
		</dict>
		<key>1F6C99F2702B22989A3C0134</key>
		<dict>
			<key>includeInIndex</key>
			<string>1</string>
			<key>isa</key>
			<string>PBXFileReference</string>
			<key>lastKnownFileType</key>
			<string>text.xcconfig</string>
			<key>name</key>
			<string>Pods.release.xcconfig</string>
			<key>path</key>
			<string>Pods/Target Support Files/Pods/Pods.release.xcconfig</string>
			<key>sourceTree</key>
			<string>&lt;group&gt;</string>
		</dict>
		<key>358EEC47FA65DEE5D841EB78</key>
		<dict>
			<key>includeInIndex</key>
			<string>1</string>
			<key>isa</key>
			<string>PBXFileReference</string>
			<key>lastKnownFileType</key>
			<string>text.xcconfig</string>
			<key>name</key>
			<string>Pods-r2048Tests.release.xcconfig</string>
			<key>path</key>
			<string>Pods/Target Support Files/Pods-r2048Tests/Pods-r2048Tests.release.xcconfig</string>
			<key>sourceTree</key>
			<string>&lt;group&gt;</string>
		</dict>
		<key>4EE22037ABD940249FE359BF</key>
		<dict>
			<key>buildActionMask</key>
			<string>2147483647</string>
			<key>files</key>
			<array/>
			<key>inputPaths</key>
			<array/>
			<key>isa</key>
			<string>PBXShellScriptBuildPhase</string>
			<key>name</key>
			<string>Copy Pods Resources</string>
			<key>outputPaths</key>
			<array/>
			<key>runOnlyForDeploymentPostprocessing</key>
			<string>0</string>
			<key>shellPath</key>
			<string>/bin/sh</string>
			<key>shellScript</key>
			<string>"${SRCROOT}/Pods/Target Support Files/Pods-r2048Tests/Pods-r2048Tests-resources.sh"
</string>
			<key>showEnvVarsInLog</key>
			<string>0</string>
		</dict>
		<key>5248EBE2679E49819F3B2F79</key>
		<dict>
			<key>buildActionMask</key>
			<string>2147483647</string>
			<key>files</key>
			<array/>
			<key>inputPaths</key>
			<array/>
			<key>isa</key>
			<string>PBXShellScriptBuildPhase</string>
			<key>name</key>
			<string>Check Pods Manifest.lock</string>
			<key>outputPaths</key>
			<array/>
			<key>runOnlyForDeploymentPostprocessing</key>
			<string>0</string>
			<key>shellPath</key>
			<string>/bin/sh</string>
			<key>shellScript</key>
			<string>diff "${PODS_ROOT}/../Podfile.lock" "${PODS_ROOT}/Manifest.lock" &gt; /dev/null
if [[ $? != 0 ]] ; then
    cat &lt;&lt; EOM
error: The sandbox is not in sync with the Podfile.lock. Run 'pod install' or update your CocoaPods installation.
EOM
    exit 1
fi
</string>
			<key>showEnvVarsInLog</key>
			<string>0</string>
		</dict>
		<key>7992F07318E481E90020B45A</key>
		<dict>
			<key>children</key>
			<array>
				<string>7992F07418E481E90020B45A</string>
				<string>7992F07518E481E90020B45A</string>
				<string>ADEAF11398EAA0106F731E3C</string>
				<string>ADEAF2394E6AB09B68A3531E</string>
				<string>ADEAF448EEFA87E14F809E52</string>
				<string>ADEAF16998777FD095632EA2</string>
				<string>ADEAF3101B09A0D11D7CB914</string>
				<string>ADEAFC0FD0E2E86E8AC118AA</string>
				<string>ADEAFC5E99B31D86862983D6</string>
			</array>
			<key>isa</key>
			<string>PBXGroup</string>
			<key>path</key>
			<string>Model</string>
			<key>sourceTree</key>
			<string>&lt;group&gt;</string>
		</dict>
		<key>7992F07418E481E90020B45A</key>
		<dict>
			<key>fileEncoding</key>
			<string>4</string>
			<key>isa</key>
			<string>PBXFileReference</string>
			<key>lastKnownFileType</key>
			<string>sourcecode.c.h</string>
			<key>path</key>
			<string>RTTMatrix.h</string>
			<key>sourceTree</key>
			<string>&lt;group&gt;</string>
		</dict>
		<key>7992F07518E481E90020B45A</key>
		<dict>
			<key>fileEncoding</key>
			<string>4</string>
			<key>isa</key>
			<string>PBXFileReference</string>
			<key>lastKnownFileType</key>
			<string>sourcecode.c.objc</string>
			<key>path</key>
			<string>RTTMatrix.m</string>
			<key>sourceTree</key>
			<string>&lt;group&gt;</string>
		</dict>
		<key>7992F07618E481E90020B45A</key>
		<dict>
			<key>fileRef</key>
			<string>7992F07518E481E90020B45A</string>
			<key>isa</key>
			<string>PBXBuildFile</string>
		</dict>
		<key>7992F07718E481E90020B45A</key>
		<dict>
			<key>fileRef</key>
			<string>7992F07518E481E90020B45A</string>
			<key>isa</key>
			<string>PBXBuildFile</string>
		</dict>
		<key>79B1DC1618E469BB003BBBE7</key>
		<dict>
			<key>children</key>
			<array>
				<string>79B1DC2818E469BB003BBBE7</string>
				<string>79B1DC4118E469BB003BBBE7</string>
				<string>79B1DC2118E469BB003BBBE7</string>
				<string>79B1DC2018E469BB003BBBE7</string>
				<string>7FDDB15DB52607405A1B30BB</string>
			</array>
			<key>isa</key>
			<string>PBXGroup</string>
			<key>sourceTree</key>
			<string>&lt;group&gt;</string>
		</dict>
		<key>79B1DC1718E469BB003BBBE7</key>
		<dict>
			<key>attributes</key>
			<dict>
				<key>CLASSPREFIX</key>
				<string>RTT</string>
				<key>LastUpgradeCheck</key>
				<string>0510</string>
				<key>ORGANIZATIONNAME</key>
				<string>Viktor Belenyesi</string>
				<key>TargetAttributes</key>
				<dict>
					<key>79B1DC3918E469BB003BBBE7</key>
					<dict>
						<key>TestTargetID</key>
						<string>79B1DC1E18E469BB003BBBE7</string>
					</dict>
				</dict>
			</dict>
			<key>buildConfigurationList</key>
			<string>79B1DC1A18E469BB003BBBE7</string>
			<key>compatibilityVersion</key>
			<string>Xcode 3.2</string>
			<key>developmentRegion</key>
			<string>English</string>
			<key>hasScannedForEncodings</key>
			<string>0</string>
			<key>isa</key>
			<string>PBXProject</string>
			<key>knownRegions</key>
			<array>
				<string>en</string>
			</array>
			<key>mainGroup</key>
			<string>79B1DC1618E469BB003BBBE7</string>
			<key>productRefGroup</key>
			<string>79B1DC2018E469BB003BBBE7</string>
			<key>projectDirPath</key>
			<string></string>
			<key>projectReferences</key>
			<array/>
			<key>projectRoot</key>
			<string></string>
			<key>targets</key>
			<array>
				<string>79B1DC1E18E469BB003BBBE7</string>
				<string>79B1DC3918E469BB003BBBE7</string>
			</array>
		</dict>
		<key>79B1DC1A18E469BB003BBBE7</key>
		<dict>
			<key>buildConfigurations</key>
			<array>
				<string>79B1DC4918E469BB003BBBE7</string>
				<string>79B1DC4A18E469BB003BBBE7</string>
			</array>
			<key>defaultConfigurationIsVisible</key>
			<string>0</string>
			<key>defaultConfigurationName</key>
			<string>Release</string>
			<key>isa</key>
			<string>XCConfigurationList</string>
		</dict>
		<key>79B1DC1B18E469BB003BBBE7</key>
		<dict>
			<key>buildActionMask</key>
			<string>2147483647</string>
			<key>files</key>
			<array>
				<string>79B1DC2F18E469BB003BBBE7</string>
				<string>79B1DC3318E469BB003BBBE7</string>
				<string>7992F07618E481E90020B45A</string>
				<string>ADEAFA9A67C437391B036DFA</string>
				<string>ADEAF8CF613EA6DE49687C8B</string>
				<string>ADEAF104E086F50642BC944A</string>
				<string>ADEAF227ACFDDB9C65219360</string>
				<string>ADEAF9AACA387ED2D8370DC2</string>
				<string>ADEAF9C06FFE9FE2B89A3F10</string>
				<string>ADEAF6F5B6712A1CC0BA0ED6</string>
				<string>ADEAF7E0319197FDF371AC91</string>
				<string>ADEAF11E61C512FCC60DBB48</string>
				<string>ADEAFDE1DFD65B5F3397A476</string>
				<string>ADEAF101549C309B24C4503F</string>
			</array>
			<key>isa</key>
			<string>PBXSourcesBuildPhase</string>
			<key>runOnlyForDeploymentPostprocessing</key>
			<string>0</string>
		</dict>
		<key>79B1DC1C18E469BB003BBBE7</key>
		<dict>
			<key>buildActionMask</key>
			<string>2147483647</string>
			<key>files</key>
			<array>
				<string>79B1DC2518E469BB003BBBE7</string>
				<string>79B1DC2718E469BB003BBBE7</string>
				<string>79B1DC2318E469BB003BBBE7</string>
				<string>A94F6E0541F4413492DDC519</string>
			</array>
			<key>isa</key>
			<string>PBXFrameworksBuildPhase</string>
			<key>runOnlyForDeploymentPostprocessing</key>
			<string>0</string>
		</dict>
		<key>79B1DC1D18E469BB003BBBE7</key>
		<dict>
			<key>buildActionMask</key>
			<string>2147483647</string>
			<key>files</key>
			<array/>
			<key>isa</key>
			<string>PBXResourcesBuildPhase</string>
			<key>runOnlyForDeploymentPostprocessing</key>
			<string>0</string>
		</dict>
		<key>79B1DC1E18E469BB003BBBE7</key>
		<dict>
			<key>buildConfigurationList</key>
			<string>79B1DC4B18E469BB003BBBE7</string>
			<key>buildPhases</key>
			<array>
				<string>804BBA1C7E4C4E9080892A5B</string>
				<string>79B1DC1B18E469BB003BBBE7</string>
				<string>79B1DC1C18E469BB003BBBE7</string>
				<string>79B1DC1D18E469BB003BBBE7</string>
				<string>A37E34F95D4947E0BB1009EB</string>
			</array>
			<key>buildRules</key>
			<array/>
			<key>dependencies</key>
			<array/>
			<key>isa</key>
			<string>PBXNativeTarget</string>
			<key>name</key>
			<string>r2048</string>
			<key>productName</key>
			<string>r2048</string>
			<key>productReference</key>
			<string>79B1DC1F18E469BB003BBBE7</string>
			<key>productType</key>
			<string>com.apple.product-type.application</string>
		</dict>
		<key>79B1DC1F18E469BB003BBBE7</key>
		<dict>
			<key>explicitFileType</key>
			<string>wrapper.application</string>
			<key>includeInIndex</key>
			<string>0</string>
			<key>isa</key>
			<string>PBXFileReference</string>
			<key>path</key>
			<string>r2048.app</string>
			<key>sourceTree</key>
			<string>BUILT_PRODUCTS_DIR</string>
		</dict>
		<key>79B1DC2018E469BB003BBBE7</key>
		<dict>
			<key>children</key>
			<array>
				<string>79B1DC1F18E469BB003BBBE7</string>
				<string>79B1DC3A18E469BB003BBBE7</string>
			</array>
			<key>isa</key>
			<string>PBXGroup</string>
			<key>name</key>
			<string>Products</string>
			<key>sourceTree</key>
			<string>&lt;group&gt;</string>
		</dict>
		<key>79B1DC2118E469BB003BBBE7</key>
		<dict>
			<key>children</key>
			<array>
				<string>79B1DC2218E469BB003BBBE7</string>
				<string>79B1DC2418E469BB003BBBE7</string>
				<string>79B1DC2618E469BB003BBBE7</string>
				<string>79B1DC3B18E469BB003BBBE7</string>
				<string>826EA994BA2347EDAC81FCE6</string>
				<string>FEED980426244769B8DB9F20</string>
			</array>
			<key>isa</key>
			<string>PBXGroup</string>
			<key>name</key>
			<string>Frameworks</string>
			<key>sourceTree</key>
			<string>&lt;group&gt;</string>
		</dict>
		<key>79B1DC2218E469BB003BBBE7</key>
		<dict>
			<key>isa</key>
			<string>PBXFileReference</string>
			<key>lastKnownFileType</key>
			<string>wrapper.framework</string>
			<key>name</key>
			<string>Foundation.framework</string>
			<key>path</key>
			<string>System/Library/Frameworks/Foundation.framework</string>
			<key>sourceTree</key>
			<string>SDKROOT</string>
		</dict>
		<key>79B1DC2318E469BB003BBBE7</key>
		<dict>
			<key>fileRef</key>
			<string>79B1DC2218E469BB003BBBE7</string>
			<key>isa</key>
			<string>PBXBuildFile</string>
		</dict>
		<key>79B1DC2418E469BB003BBBE7</key>
		<dict>
			<key>isa</key>
			<string>PBXFileReference</string>
			<key>lastKnownFileType</key>
			<string>wrapper.framework</string>
			<key>name</key>
			<string>CoreGraphics.framework</string>
			<key>path</key>
			<string>System/Library/Frameworks/CoreGraphics.framework</string>
			<key>sourceTree</key>
			<string>SDKROOT</string>
		</dict>
		<key>79B1DC2518E469BB003BBBE7</key>
		<dict>
			<key>fileRef</key>
			<string>79B1DC2418E469BB003BBBE7</string>
			<key>isa</key>
			<string>PBXBuildFile</string>
		</dict>
		<key>79B1DC2618E469BB003BBBE7</key>
		<dict>
			<key>isa</key>
			<string>PBXFileReference</string>
			<key>lastKnownFileType</key>
			<string>wrapper.framework</string>
			<key>name</key>
			<string>UIKit.framework</string>
			<key>path</key>
			<string>System/Library/Frameworks/UIKit.framework</string>
			<key>sourceTree</key>
			<string>SDKROOT</string>
		</dict>
		<key>79B1DC2718E469BB003BBBE7</key>
		<dict>
			<key>fileRef</key>
			<string>79B1DC2618E469BB003BBBE7</string>
			<key>isa</key>
			<string>PBXBuildFile</string>
		</dict>
		<key>79B1DC2818E469BB003BBBE7</key>
		<dict>
			<key>children</key>
			<array>
				<string>7992F07318E481E90020B45A</string>
				<string>79B1DC3118E469BB003BBBE7</string>
				<string>79B1DC3218E469BB003BBBE7</string>
				<string>79B1DC2918E469BB003BBBE7</string>
				<string>ADEAFF91C031A036CB45EC7A</string>
				<string>ADEAFE5708E6C286D6FE86C2</string>
			</array>
			<key>isa</key>
			<string>PBXGroup</string>
			<key>path</key>
			<string>r2048</string>
			<key>sourceTree</key>
			<string>&lt;group&gt;</string>
		</dict>
		<key>79B1DC2918E469BB003BBBE7</key>
		<dict>
			<key>children</key>
			<array>
				<string>79B1DC2A18E469BB003BBBE7</string>
				<string>79B1DC2E18E469BB003BBBE7</string>
				<string>79B1DC3018E469BB003BBBE7</string>
			</array>
			<key>isa</key>
			<string>PBXGroup</string>
			<key>name</key>
			<string>Supporting Files</string>
			<key>sourceTree</key>
			<string>&lt;group&gt;</string>
		</dict>
		<key>79B1DC2A18E469BB003BBBE7</key>
		<dict>
			<key>isa</key>
			<string>PBXFileReference</string>
			<key>lastKnownFileType</key>
			<string>text.plist.xml</string>
			<key>path</key>
			<string>r2048-Info.plist</string>
			<key>sourceTree</key>
			<string>&lt;group&gt;</string>
		</dict>
		<key>79B1DC2E18E469BB003BBBE7</key>
		<dict>
			<key>isa</key>
			<string>PBXFileReference</string>
			<key>lastKnownFileType</key>
			<string>sourcecode.c.objc</string>
			<key>path</key>
			<string>main.m</string>
			<key>sourceTree</key>
			<string>&lt;group&gt;</string>
		</dict>
		<key>79B1DC2F18E469BB003BBBE7</key>
		<dict>
			<key>fileRef</key>
			<string>79B1DC2E18E469BB003BBBE7</string>
			<key>isa</key>
			<string>PBXBuildFile</string>
		</dict>
		<key>79B1DC3018E469BB003BBBE7</key>
		<dict>
			<key>isa</key>
			<string>PBXFileReference</string>
			<key>lastKnownFileType</key>
			<string>sourcecode.c.h</string>
			<key>path</key>
			<string>r2048-Prefix.pch</string>
			<key>sourceTree</key>
			<string>&lt;group&gt;</string>
		</dict>
		<key>79B1DC3118E469BB003BBBE7</key>
		<dict>
			<key>isa</key>
			<string>PBXFileReference</string>
			<key>lastKnownFileType</key>
			<string>sourcecode.c.h</string>
			<key>path</key>
			<string>RTTAppDelegate.h</string>
			<key>sourceTree</key>
			<string>&lt;group&gt;</string>
		</dict>
		<key>79B1DC3218E469BB003BBBE7</key>
		<dict>
			<key>isa</key>
			<string>PBXFileReference</string>
			<key>lastKnownFileType</key>
			<string>sourcecode.c.objc</string>
			<key>path</key>
			<string>RTTAppDelegate.m</string>
			<key>sourceTree</key>
			<string>&lt;group&gt;</string>
		</dict>
		<key>79B1DC3318E469BB003BBBE7</key>
		<dict>
			<key>fileRef</key>
			<string>79B1DC3218E469BB003BBBE7</string>
			<key>isa</key>
			<string>PBXBuildFile</string>
		</dict>
		<key>79B1DC3618E469BB003BBBE7</key>
		<dict>
			<key>buildActionMask</key>
			<string>2147483647</string>
			<key>files</key>
			<array>
				<string>7992F07718E481E90020B45A</string>
				<string>ADEAF0D567DD6976B49BC55A</string>
				<string>ADEAF0241D9EF5E301AB6963</string>
				<string>ADEAFC2B606CE562276AB1AB</string>
				<string>ADEAF47408F3A1276CBB3988</string>
				<string>ADEAFAD067E67E308FFFF51A</string>
				<string>ADEAFE523E101F6D1F781EE6</string>
				<string>ADEAF20CC70BA23E95AF40B0</string>
				<string>ADEAF07DA16ACC1EC3275E65</string>
			</array>
			<key>isa</key>
			<string>PBXSourcesBuildPhase</string>
			<key>runOnlyForDeploymentPostprocessing</key>
			<string>0</string>
		</dict>
		<key>79B1DC3718E469BB003BBBE7</key>
		<dict>
			<key>buildActionMask</key>
			<string>2147483647</string>
			<key>files</key>
			<array>
				<string>79B1DC3C18E469BB003BBBE7</string>
				<string>79B1DC3E18E469BB003BBBE7</string>
				<string>79B1DC3D18E469BB003BBBE7</string>
				<string>FB29F135505D40E38954771E</string>
			</array>
			<key>isa</key>
			<string>PBXFrameworksBuildPhase</string>
			<key>runOnlyForDeploymentPostprocessing</key>
			<string>0</string>
		</dict>
		<key>79B1DC3818E469BB003BBBE7</key>
		<dict>
			<key>buildActionMask</key>
			<string>2147483647</string>
			<key>files</key>
			<array/>
			<key>isa</key>
			<string>PBXResourcesBuildPhase</string>
			<key>runOnlyForDeploymentPostprocessing</key>
			<string>0</string>
		</dict>
		<key>79B1DC3918E469BB003BBBE7</key>
		<dict>
			<key>buildConfigurationList</key>
			<string>79B1DC4E18E469BB003BBBE7</string>
			<key>buildPhases</key>
			<array>
				<string>5248EBE2679E49819F3B2F79</string>
				<string>79B1DC3618E469BB003BBBE7</string>
				<string>79B1DC3718E469BB003BBBE7</string>
				<string>79B1DC3818E469BB003BBBE7</string>
				<string>4EE22037ABD940249FE359BF</string>
			</array>
			<key>buildRules</key>
			<array/>
			<key>dependencies</key>
			<array>
				<string>79B1DC4018E469BB003BBBE7</string>
			</array>
			<key>isa</key>
			<string>PBXNativeTarget</string>
			<key>name</key>
			<string>r2048Tests</string>
			<key>productName</key>
			<string>r2048Tests</string>
			<key>productReference</key>
			<string>79B1DC3A18E469BB003BBBE7</string>
			<key>productType</key>
			<string>com.apple.product-type.bundle.unit-test</string>
		</dict>
		<key>79B1DC3A18E469BB003BBBE7</key>
		<dict>
			<key>explicitFileType</key>
			<string>wrapper.cfbundle</string>
			<key>includeInIndex</key>
			<string>0</string>
			<key>isa</key>
			<string>PBXFileReference</string>
			<key>path</key>
			<string>r2048Tests.xctest</string>
			<key>sourceTree</key>
			<string>BUILT_PRODUCTS_DIR</string>
		</dict>
		<key>79B1DC3B18E469BB003BBBE7</key>
		<dict>
			<key>isa</key>
			<string>PBXFileReference</string>
			<key>lastKnownFileType</key>
			<string>wrapper.framework</string>
			<key>name</key>
			<string>XCTest.framework</string>
			<key>path</key>
			<string>Library/Frameworks/XCTest.framework</string>
			<key>sourceTree</key>
			<string>DEVELOPER_DIR</string>
		</dict>
		<key>79B1DC3C18E469BB003BBBE7</key>
		<dict>
			<key>fileRef</key>
			<string>79B1DC3B18E469BB003BBBE7</string>
			<key>isa</key>
			<string>PBXBuildFile</string>
		</dict>
		<key>79B1DC3D18E469BB003BBBE7</key>
		<dict>
			<key>fileRef</key>
			<string>79B1DC2218E469BB003BBBE7</string>
			<key>isa</key>
			<string>PBXBuildFile</string>
		</dict>
		<key>79B1DC3E18E469BB003BBBE7</key>
		<dict>
			<key>fileRef</key>
			<string>79B1DC2618E469BB003BBBE7</string>
			<key>isa</key>
			<string>PBXBuildFile</string>
		</dict>
		<key>79B1DC3F18E469BB003BBBE7</key>
		<dict>
			<key>containerPortal</key>
			<string>79B1DC1718E469BB003BBBE7</string>
			<key>isa</key>
			<string>PBXContainerItemProxy</string>
			<key>proxyType</key>
			<string>1</string>
			<key>remoteGlobalIDString</key>
			<string>79B1DC1E18E469BB003BBBE7</string>
			<key>remoteInfo</key>
			<string>r2048</string>
		</dict>
		<key>79B1DC4018E469BB003BBBE7</key>
		<dict>
			<key>isa</key>
			<string>PBXTargetDependency</string>
			<key>target</key>
			<string>79B1DC1E18E469BB003BBBE7</string>
			<key>targetProxy</key>
			<string>79B1DC3F18E469BB003BBBE7</string>
		</dict>
		<key>79B1DC4118E469BB003BBBE7</key>
		<dict>
			<key>children</key>
			<array>
				<string>79B1DC4218E469BB003BBBE7</string>
				<string>ADEAFC0B1FB9BE6E8CC9ECC3</string>
			</array>
			<key>isa</key>
			<string>PBXGroup</string>
			<key>path</key>
			<string>r2048Tests</string>
			<key>sourceTree</key>
			<string>&lt;group&gt;</string>
		</dict>
		<key>79B1DC4218E469BB003BBBE7</key>
		<dict>
			<key>children</key>
			<array>
				<string>79B1DC4318E469BB003BBBE7</string>
			</array>
			<key>isa</key>
			<string>PBXGroup</string>
			<key>name</key>
			<string>Supporting Files</string>
			<key>sourceTree</key>
			<string>&lt;group&gt;</string>
		</dict>
		<key>79B1DC4318E469BB003BBBE7</key>
		<dict>
			<key>isa</key>
			<string>PBXFileReference</string>
			<key>lastKnownFileType</key>
			<string>text.plist.xml</string>
			<key>path</key>
			<string>r2048Tests-Info.plist</string>
			<key>sourceTree</key>
			<string>&lt;group&gt;</string>
		</dict>
		<key>79B1DC4918E469BB003BBBE7</key>
		<dict>
			<key>buildSettings</key>
			<dict>
				<key>ALWAYS_SEARCH_USER_PATHS</key>
				<string>NO</string>
				<key>CLANG_CXX_LANGUAGE_STANDARD</key>
				<string>gnu++0x</string>
				<key>CLANG_CXX_LIBRARY</key>
				<string>libc++</string>
				<key>CLANG_ENABLE_MODULES</key>
				<string>YES</string>
				<key>CLANG_ENABLE_OBJC_ARC</key>
				<string>YES</string>
				<key>CLANG_WARN_BOOL_CONVERSION</key>
				<string>YES</string>
				<key>CLANG_WARN_CONSTANT_CONVERSION</key>
				<string>YES</string>
				<key>CLANG_WARN_DIRECT_OBJC_ISA_USAGE</key>
				<string>YES_ERROR</string>
				<key>CLANG_WARN_EMPTY_BODY</key>
				<string>YES</string>
				<key>CLANG_WARN_ENUM_CONVERSION</key>
				<string>YES</string>
				<key>CLANG_WARN_INT_CONVERSION</key>
				<string>YES</string>
				<key>CLANG_WARN_OBJC_ROOT_CLASS</key>
				<string>YES_ERROR</string>
				<key>CLANG_WARN__DUPLICATE_METHOD_MATCH</key>
				<string>YES</string>
				<key>CODE_SIGN_IDENTITY[sdk=iphoneos*]</key>
				<string>iPhone Developer</string>
				<key>COPY_PHASE_STRIP</key>
				<string>NO</string>
				<key>GCC_C_LANGUAGE_STANDARD</key>
				<string>gnu99</string>
				<key>GCC_DYNAMIC_NO_PIC</key>
				<string>NO</string>
				<key>GCC_OPTIMIZATION_LEVEL</key>
				<string>0</string>
				<key>GCC_PREPROCESSOR_DEFINITIONS</key>
				<array>
					<string>DEBUG=1</string>
					<string>$(inherited)</string>
				</array>
				<key>GCC_SYMBOLS_PRIVATE_EXTERN</key>
				<string>NO</string>
				<key>GCC_WARN_64_TO_32_BIT_CONVERSION</key>
				<string>YES</string>
				<key>GCC_WARN_ABOUT_RETURN_TYPE</key>
				<string>YES_ERROR</string>
				<key>GCC_WARN_UNDECLARED_SELECTOR</key>
				<string>YES</string>
				<key>GCC_WARN_UNINITIALIZED_AUTOS</key>
				<string>YES_AGGRESSIVE</string>
				<key>GCC_WARN_UNUSED_FUNCTION</key>
				<string>YES</string>
				<key>GCC_WARN_UNUSED_VARIABLE</key>
				<string>YES</string>
				<key>IPHONEOS_DEPLOYMENT_TARGET</key>
				<string>7.1</string>
				<key>ONLY_ACTIVE_ARCH</key>
				<string>YES</string>
				<key>SDKROOT</key>
				<string>iphoneos</string>
				<key>TARGETED_DEVICE_FAMILY</key>
				<string>1,2</string>
			</dict>
			<key>isa</key>
			<string>XCBuildConfiguration</string>
			<key>name</key>
			<string>Debug</string>
		</dict>
		<key>79B1DC4A18E469BB003BBBE7</key>
		<dict>
			<key>buildSettings</key>
			<dict>
				<key>ALWAYS_SEARCH_USER_PATHS</key>
				<string>NO</string>
				<key>CLANG_CXX_LANGUAGE_STANDARD</key>
				<string>gnu++0x</string>
				<key>CLANG_CXX_LIBRARY</key>
				<string>libc++</string>
				<key>CLANG_ENABLE_MODULES</key>
				<string>YES</string>
				<key>CLANG_ENABLE_OBJC_ARC</key>
				<string>YES</string>
				<key>CLANG_WARN_BOOL_CONVERSION</key>
				<string>YES</string>
				<key>CLANG_WARN_CONSTANT_CONVERSION</key>
				<string>YES</string>
				<key>CLANG_WARN_DIRECT_OBJC_ISA_USAGE</key>
				<string>YES_ERROR</string>
				<key>CLANG_WARN_EMPTY_BODY</key>
				<string>YES</string>
				<key>CLANG_WARN_ENUM_CONVERSION</key>
				<string>YES</string>
				<key>CLANG_WARN_INT_CONVERSION</key>
				<string>YES</string>
				<key>CLANG_WARN_OBJC_ROOT_CLASS</key>
				<string>YES_ERROR</string>
				<key>CLANG_WARN__DUPLICATE_METHOD_MATCH</key>
				<string>YES</string>
				<key>CODE_SIGN_IDENTITY[sdk=iphoneos*]</key>
				<string>iPhone Developer</string>
				<key>COPY_PHASE_STRIP</key>
				<string>YES</string>
				<key>ENABLE_NS_ASSERTIONS</key>
				<string>NO</string>
				<key>GCC_C_LANGUAGE_STANDARD</key>
				<string>gnu99</string>
				<key>GCC_WARN_64_TO_32_BIT_CONVERSION</key>
				<string>YES</string>
				<key>GCC_WARN_ABOUT_RETURN_TYPE</key>
				<string>YES_ERROR</string>
				<key>GCC_WARN_UNDECLARED_SELECTOR</key>
				<string>YES</string>
				<key>GCC_WARN_UNINITIALIZED_AUTOS</key>
				<string>YES_AGGRESSIVE</string>
				<key>GCC_WARN_UNUSED_FUNCTION</key>
				<string>YES</string>
				<key>GCC_WARN_UNUSED_VARIABLE</key>
				<string>YES</string>
				<key>IPHONEOS_DEPLOYMENT_TARGET</key>
				<string>7.1</string>
				<key>SDKROOT</key>
				<string>iphoneos</string>
				<key>TARGETED_DEVICE_FAMILY</key>
				<string>1,2</string>
				<key>VALIDATE_PRODUCT</key>
				<string>YES</string>
			</dict>
			<key>isa</key>
			<string>XCBuildConfiguration</string>
			<key>name</key>
			<string>Release</string>
		</dict>
		<key>79B1DC4B18E469BB003BBBE7</key>
		<dict>
			<key>buildConfigurations</key>
			<array>
				<string>79B1DC4C18E469BB003BBBE7</string>
				<string>79B1DC4D18E469BB003BBBE7</string>
			</array>
			<key>defaultConfigurationIsVisible</key>
			<string>0</string>
			<key>defaultConfigurationName</key>
			<string>Release</string>
			<key>isa</key>
			<string>XCConfigurationList</string>
		</dict>
		<key>79B1DC4C18E469BB003BBBE7</key>
		<dict>
			<key>baseConfigurationReference</key>
			<string>E4D02A75CA3A2BBBB4629C48</string>
			<key>buildSettings</key>
			<dict>
				<key>ASSETCATALOG_COMPILER_APPICON_NAME</key>
				<string>AppIcon</string>
				<key>ASSETCATALOG_COMPILER_LAUNCHIMAGE_NAME</key>
				<string>LaunchImage</string>
				<key>GCC_PRECOMPILE_PREFIX_HEADER</key>
				<string>YES</string>
				<key>GCC_PREFIX_HEADER</key>
				<string>r2048/r2048-Prefix.pch</string>
				<key>INFOPLIST_FILE</key>
				<string>r2048/r2048-Info.plist</string>
				<key>PRODUCT_NAME</key>
				<string>$(TARGET_NAME)</string>
				<key>USER_HEADER_SEARCH_PATHS</key>
				<string>"${PROJECT_DIR}/Pods"/**</string>
				<key>WRAPPER_EXTENSION</key>
				<string>app</string>
			</dict>
			<key>isa</key>
			<string>XCBuildConfiguration</string>
			<key>name</key>
			<string>Debug</string>
		</dict>
		<key>79B1DC4D18E469BB003BBBE7</key>
		<dict>
			<key>baseConfigurationReference</key>
			<string>1F6C99F2702B22989A3C0134</string>
			<key>buildSettings</key>
			<dict>
				<key>ASSETCATALOG_COMPILER_APPICON_NAME</key>
				<string>AppIcon</string>
				<key>ASSETCATALOG_COMPILER_LAUNCHIMAGE_NAME</key>
				<string>LaunchImage</string>
				<key>GCC_PRECOMPILE_PREFIX_HEADER</key>
				<string>YES</string>
				<key>GCC_PREFIX_HEADER</key>
				<string>r2048/r2048-Prefix.pch</string>
				<key>INFOPLIST_FILE</key>
				<string>r2048/r2048-Info.plist</string>
				<key>PRODUCT_NAME</key>
				<string>$(TARGET_NAME)</string>
				<key>USER_HEADER_SEARCH_PATHS</key>
				<string>"${PROJECT_DIR}/Pods"/**</string>
				<key>WRAPPER_EXTENSION</key>
				<string>app</string>
			</dict>
			<key>isa</key>
			<string>XCBuildConfiguration</string>
			<key>name</key>
			<string>Release</string>
		</dict>
		<key>79B1DC4E18E469BB003BBBE7</key>
		<dict>
			<key>buildConfigurations</key>
			<array>
				<string>79B1DC4F18E469BB003BBBE7</string>
				<string>79B1DC5018E469BB003BBBE7</string>
			</array>
			<key>defaultConfigurationIsVisible</key>
			<string>0</string>
			<key>defaultConfigurationName</key>
			<string>Release</string>
			<key>isa</key>
			<string>XCConfigurationList</string>
		</dict>
		<key>79B1DC4F18E469BB003BBBE7</key>
		<dict>
			<key>baseConfigurationReference</key>
			<string>1798708A0D3B0480935FD0C6</string>
			<key>buildSettings</key>
			<dict>
				<key>BUNDLE_LOADER</key>
				<string>$(BUILT_PRODUCTS_DIR)/r2048.app/r2048</string>
				<key>FRAMEWORK_SEARCH_PATHS</key>
				<array>
					<string>$(SDKROOT)/Developer/Library/Frameworks</string>
					<string>$(inherited)</string>
					<string>$(DEVELOPER_FRAMEWORKS_DIR)</string>
				</array>
				<key>GCC_PRECOMPILE_PREFIX_HEADER</key>
				<string>YES</string>
				<key>GCC_PREFIX_HEADER</key>
				<string>r2048/r2048-Prefix.pch</string>
				<key>GCC_PREPROCESSOR_DEFINITIONS</key>
				<array>
					<string>DEBUG=1</string>
					<string>$(inherited)</string>
				</array>
				<key>INFOPLIST_FILE</key>
				<string>r2048Tests/r2048Tests-Info.plist</string>
				<key>PRODUCT_NAME</key>
				<string>$(TARGET_NAME)</string>
				<key>TEST_HOST</key>
				<string>$(BUNDLE_LOADER)</string>
				<key>USER_HEADER_SEARCH_PATHS</key>
				<string>"${PROJECT_DIR}/Pods"/**</string>
				<key>WRAPPER_EXTENSION</key>
				<string>xctest</string>
			</dict>
			<key>isa</key>
			<string>XCBuildConfiguration</string>
			<key>name</key>
			<string>Debug</string>
		</dict>
		<key>79B1DC5018E469BB003BBBE7</key>
		<dict>
			<key>baseConfigurationReference</key>
			<string>358EEC47FA65DEE5D841EB78</string>
			<key>buildSettings</key>
			<dict>
				<key>BUNDLE_LOADER</key>
				<string>$(BUILT_PRODUCTS_DIR)/r2048.app/r2048</string>
				<key>FRAMEWORK_SEARCH_PATHS</key>
				<array>
					<string>$(SDKROOT)/Developer/Library/Frameworks</string>
					<string>$(inherited)</string>
					<string>$(DEVELOPER_FRAMEWORKS_DIR)</string>
				</array>
				<key>GCC_PRECOMPILE_PREFIX_HEADER</key>
				<string>YES</string>
				<key>GCC_PREFIX_HEADER</key>
				<string>r2048/r2048-Prefix.pch</string>
				<key>INFOPLIST_FILE</key>
				<string>r2048Tests/r2048Tests-Info.plist</string>
				<key>PRODUCT_NAME</key>
				<string>$(TARGET_NAME)</string>
				<key>TEST_HOST</key>
				<string>$(BUNDLE_LOADER)</string>
				<key>USER_HEADER_SEARCH_PATHS</key>
				<string>"${PROJECT_DIR}/Pods"/**</string>
				<key>WRAPPER_EXTENSION</key>
				<string>xctest</string>
			</dict>
			<key>isa</key>
			<string>XCBuildConfiguration</string>
			<key>name</key>
			<string>Release</string>
		</dict>
		<key>7FDDB15DB52607405A1B30BB</key>
		<dict>
			<key>children</key>
			<array>
				<string>E4D02A75CA3A2BBBB4629C48</string>
				<string>1F6C99F2702B22989A3C0134</string>
				<string>1798708A0D3B0480935FD0C6</string>
				<string>358EEC47FA65DEE5D841EB78</string>
			</array>
			<key>isa</key>
			<string>PBXGroup</string>
			<key>name</key>
			<string>Pods</string>
			<key>sourceTree</key>
			<string>&lt;group&gt;</string>
		</dict>
		<key>804BBA1C7E4C4E9080892A5B</key>
		<dict>
			<key>buildActionMask</key>
			<string>2147483647</string>
			<key>files</key>
			<array/>
			<key>inputPaths</key>
			<array/>
			<key>isa</key>
			<string>PBXShellScriptBuildPhase</string>
			<key>name</key>
			<string>Check Pods Manifest.lock</string>
			<key>outputPaths</key>
			<array/>
			<key>runOnlyForDeploymentPostprocessing</key>
			<string>0</string>
			<key>shellPath</key>
			<string>/bin/sh</string>
			<key>shellScript</key>
			<string>diff "${PODS_ROOT}/../Podfile.lock" "${PODS_ROOT}/Manifest.lock" &gt; /dev/null
if [[ $? != 0 ]] ; then
    cat &lt;&lt; EOM
error: The sandbox is not in sync with the Podfile.lock. Run 'pod install' or update your CocoaPods installation.
EOM
    exit 1
fi
</string>
			<key>showEnvVarsInLog</key>
			<string>0</string>
		</dict>
		<key>826EA994BA2347EDAC81FCE6</key>
		<dict>
			<key>explicitFileType</key>
			<string>archive.ar</string>
			<key>includeInIndex</key>
			<string>0</string>
			<key>isa</key>
			<string>PBXFileReference</string>
			<key>path</key>
			<string>libPods.a</string>
			<key>sourceTree</key>
			<string>BUILT_PRODUCTS_DIR</string>
		</dict>
		<key>A37E34F95D4947E0BB1009EB</key>
		<dict>
			<key>buildActionMask</key>
			<string>2147483647</string>
			<key>files</key>
			<array/>
			<key>inputPaths</key>
			<array/>
			<key>isa</key>
			<string>PBXShellScriptBuildPhase</string>
			<key>name</key>
			<string>Copy Pods Resources</string>
			<key>outputPaths</key>
			<array/>
			<key>runOnlyForDeploymentPostprocessing</key>
			<string>0</string>
			<key>shellPath</key>
			<string>/bin/sh</string>
			<key>shellScript</key>
			<string>"${SRCROOT}/Pods/Target Support Files/Pods/Pods-resources.sh"
</string>
			<key>showEnvVarsInLog</key>
			<string>0</string>
		</dict>
		<key>A94F6E0541F4413492DDC519</key>
		<dict>
			<key>fileRef</key>
			<string>826EA994BA2347EDAC81FCE6</string>
			<key>isa</key>
			<string>PBXBuildFile</string>
		</dict>
		<key>ADEAF0241D9EF5E301AB6963</key>
		<dict>
			<key>fileRef</key>
			<string>ADEAF11398EAA0106F731E3C</string>
			<key>isa</key>
			<string>PBXBuildFile</string>
		</dict>
		<key>ADEAF07DA16ACC1EC3275E65</key>
		<dict>
			<key>fileRef</key>
			<string>ADEAF0CA0A148E349E29D1AA</string>
			<key>isa</key>
			<string>PBXBuildFile</string>
		</dict>
		<key>ADEAF0CA0A148E349E29D1AA</key>
		<dict>
			<key>fileEncoding</key>
			<string>4</string>
			<key>isa</key>
			<string>PBXFileReference</string>
			<key>lastKnownFileType</key>
			<string>sourcecode.c.objc</string>
			<key>path</key>
			<string>RTTScoreView.m</string>
			<key>sourceTree</key>
			<string>&lt;group&gt;</string>
		</dict>
		<key>ADEAF0D1389957A097BDDEAA</key>
		<dict>
			<key>fileEncoding</key>
			<string>4</string>
			<key>isa</key>
			<string>PBXFileReference</string>
			<key>lastKnownFileType</key>
			<string>sourcecode.c.objc</string>
			<key>path</key>
			<string>NSArray+RTTTiles.m</string>
			<key>sourceTree</key>
			<string>&lt;group&gt;</string>
		</dict>
		<key>ADEAF0D567DD6976B49BC55A</key>
		<dict>
			<key>fileRef</key>
			<string>ADEAFC01BD9E295C25FFC495</string>
			<key>isa</key>
			<string>PBXBuildFile</string>
		</dict>
		<key>ADEAF101549C309B24C4503F</key>
		<dict>
			<key>fileRef</key>
			<string>ADEAFA9BFFC6E954202A3DEF</string>
			<key>isa</key>
			<string>PBXBuildFile</string>
		</dict>
		<key>ADEAF104E086F50642BC944A</key>
		<dict>
			<key>fileRef</key>
			<string>ADEAF448EEFA87E14F809E52</string>
			<key>isa</key>
			<string>PBXBuildFile</string>
		</dict>
		<key>ADEAF11398EAA0106F731E3C</key>
		<dict>
			<key>fileEncoding</key>
			<string>4</string>
			<key>isa</key>
			<string>PBXFileReference</string>
			<key>lastKnownFileType</key>
			<string>sourcecode.c.objc</string>
			<key>path</key>
			<string>RTTPoint.m</string>
			<key>sourceTree</key>
			<string>&lt;group&gt;</string>
		</dict>
		<key>ADEAF11E61C512FCC60DBB48</key>
		<dict>
			<key>fileRef</key>
			<string>ADEAF0D1389957A097BDDEAA</string>
			<key>isa</key>
			<string>PBXBuildFile</string>
		</dict>
		<key>ADEAF16998777FD095632EA2</key>
		<dict>
			<key>fileEncoding</key>
			<string>4</string>
			<key>isa</key>
			<string>PBXFileReference</string>
			<key>lastKnownFileType</key>
			<string>sourcecode.c.h</string>
			<key>path</key>
			<string>RTTVector.h</string>
			<key>sourceTree</key>
			<string>&lt;group&gt;</string>
		</dict>
		<key>ADEAF169D78364069F88A7D7</key>
		<dict>
			<key>fileEncoding</key>
			<string>4</string>
			<key>isa</key>
			<string>PBXFileReference</string>
			<key>lastKnownFileType</key>
			<string>sourcecode.c.objc</string>
			<key>path</key>
			<string>UT_Matrix.m</string>
			<key>sourceTree</key>
			<string>&lt;group&gt;</string>
		</dict>
		<key>ADEAF1B52EF410A67E9A02F0</key>
		<dict>
			<key>fileEncoding</key>
			<string>4</string>
			<key>isa</key>
			<string>PBXFileReference</string>
			<key>lastKnownFileType</key>
			<string>sourcecode.c.h</string>
			<key>path</key>
			<string>NSArray+RTTVectors.h</string>
			<key>sourceTree</key>
			<string>&lt;group&gt;</string>
		</dict>
		<key>ADEAF20CC70BA23E95AF40B0</key>
		<dict>
			<key>fileRef</key>
			<string>ADEAF0D1389957A097BDDEAA</string>
			<key>isa</key>
			<string>PBXBuildFile</string>
		</dict>
		<key>ADEAF227ACFDDB9C65219360</key>
		<dict>
			<key>fileRef</key>
			<string>ADEAF3101B09A0D11D7CB914</string>
			<key>isa</key>
			<string>PBXBuildFile</string>
		</dict>
		<key>ADEAF2394E6AB09B68A3531E</key>
		<dict>
			<key>fileEncoding</key>
			<string>4</string>
			<key>isa</key>
			<string>PBXFileReference</string>
			<key>lastKnownFileType</key>
			<string>sourcecode.c.h</string>
			<key>path</key>
			<string>RTTPoint.h</string>
			<key>sourceTree</key>
			<string>&lt;group&gt;</string>
		</dict>
		<key>ADEAF3101B09A0D11D7CB914</key>
		<dict>
			<key>fileEncoding</key>
			<string>4</string>
			<key>isa</key>
			<string>PBXFileReference</string>
			<key>lastKnownFileType</key>
			<string>sourcecode.c.objc</string>
			<key>path</key>
			<string>RTTTile.m</string>
			<key>sourceTree</key>
			<string>&lt;group&gt;</string>
		</dict>
		<key>ADEAF3CC44FD133CC822BE2E</key>
		<dict>
			<key>fileEncoding</key>
			<string>4</string>
			<key>isa</key>
			<string>PBXFileReference</string>
			<key>lastKnownFileType</key>
			<string>sourcecode.c.h</string>
			<key>path</key>
			<string>UIColor+RTTFromHex.h</string>
			<key>sourceTree</key>
			<string>&lt;group&gt;</string>
		</dict>
		<key>ADEAF448EEFA87E14F809E52</key>
		<dict>
			<key>fileEncoding</key>
			<string>4</string>
			<key>isa</key>
			<string>PBXFileReference</string>
			<key>lastKnownFileType</key>
			<string>sourcecode.c.objc</string>
			<key>path</key>
			<string>RTTVector.m</string>
			<key>sourceTree</key>
			<string>&lt;group&gt;</string>
		</dict>
		<key>ADEAF47408F3A1276CBB3988</key>
		<dict>
			<key>fileRef</key>
			<string>ADEAF3101B09A0D11D7CB914</string>
			<key>isa</key>
			<string>PBXBuildFile</string>
		</dict>
		<key>ADEAF47D02A6161614DF1C00</key>
		<dict>
			<key>fileEncoding</key>
			<string>4</string>
			<key>isa</key>
			<string>PBXFileReference</string>
			<key>lastKnownFileType</key>
			<string>sourcecode.c.objc</string>
			<key>path</key>
			<string>UT_Vector.m</string>
			<key>sourceTree</key>
			<string>&lt;group&gt;</string>
		</dict>
		<key>ADEAF5D908FD0E50CBB374C9</key>
		<dict>
			<key>fileEncoding</key>
			<string>4</string>
			<key>isa</key>
			<string>PBXFileReference</string>
			<key>lastKnownFileType</key>
			<string>sourcecode.c.objc</string>
			<key>path</key>
			<string>RTTMainViewController.m</string>
			<key>sourceTree</key>
			<string>&lt;group&gt;</string>
		</dict>
		<key>ADEAF60C985F34239C0516C6</key>
		<dict>
			<key>fileEncoding</key>
			<string>4</string>
			<key>isa</key>
			<string>PBXFileReference</string>
			<key>lastKnownFileType</key>
			<string>sourcecode.c.objc</string>
			<key>path</key>
			<string>UIColor+RTTFromHex.m</string>
			<key>sourceTree</key>
			<string>&lt;group&gt;</string>
		</dict>
		<key>ADEAF659FBB17B3AEE7A8355</key>
		<dict>
			<key>fileEncoding</key>
			<string>4</string>
			<key>isa</key>
			<string>PBXFileReference</string>
			<key>lastKnownFileType</key>
			<string>sourcecode.c.h</string>
			<key>path</key>
			<string>RTTScoreView.h</string>
			<key>sourceTree</key>
			<string>&lt;group&gt;</string>
		</dict>
		<key>ADEAF6F5B6712A1CC0BA0ED6</key>
		<dict>
			<key>fileRef</key>
			<string>ADEAF9D15270E03349469500</string>
			<key>isa</key>
			<string>PBXBuildFile</string>
		</dict>
		<key>ADEAF70E0D6C63C40A386162</key>
		<dict>
			<key>fileEncoding</key>
			<string>4</string>
			<key>isa</key>
			<string>PBXFileReference</string>
			<key>lastKnownFileType</key>
			<string>sourcecode.c.h</string>
			<key>path</key>
			<string>UIView+RTTClear.h</string>
			<key>sourceTree</key>
			<string>&lt;group&gt;</string>
		</dict>
		<key>ADEAF720E0E8A70C7E7429B9</key>
		<dict>
			<key>fileEncoding</key>
			<string>4</string>
			<key>isa</key>
			<string>PBXFileReference</string>
			<key>lastKnownFileType</key>
			<string>sourcecode.c.h</string>
			<key>path</key>
			<string>RTTTileView.h</string>
			<key>sourceTree</key>
			<string>&lt;group&gt;</string>
		</dict>
		<key>ADEAF7E0319197FDF371AC91</key>
		<dict>
			<key>fileRef</key>
			<string>ADEAFC9FA65D256537CB3F8C</string>
			<key>isa</key>
			<string>PBXBuildFile</string>
		</dict>
		<key>ADEAF8CF613EA6DE49687C8B</key>
		<dict>
			<key>fileRef</key>
			<string>ADEAF11398EAA0106F731E3C</string>
			<key>isa</key>
			<string>PBXBuildFile</string>
		</dict>
		<key>ADEAF9AACA387ED2D8370DC2</key>
		<dict>
			<key>fileRef</key>
			<string>ADEAF60C985F34239C0516C6</string>
			<key>isa</key>
			<string>PBXBuildFile</string>
		</dict>
		<key>ADEAF9C06FFE9FE2B89A3F10</key>
		<dict>
			<key>fileRef</key>
			<string>ADEAF5D908FD0E50CBB374C9</string>
			<key>isa</key>
			<string>PBXBuildFile</string>
		</dict>
		<key>ADEAF9D15270E03349469500</key>
		<dict>
			<key>fileEncoding</key>
			<string>4</string>
			<key>isa</key>
			<string>PBXFileReference</string>
			<key>lastKnownFileType</key>
			<string>sourcecode.c.objc</string>
			<key>path</key>
			<string>RTTMatrixViewController.m</string>
			<key>sourceTree</key>
			<string>&lt;group&gt;</string>
		</dict>
		<key>ADEAFA9A67C437391B036DFA</key>
		<dict>
			<key>fileRef</key>
			<string>ADEAFC01BD9E295C25FFC495</string>
			<key>isa</key>
			<string>PBXBuildFile</string>
		</dict>
		<key>ADEAFA9BFFC6E954202A3DEF</key>
		<dict>
			<key>fileEncoding</key>
			<string>4</string>
			<key>isa</key>
			<string>PBXFileReference</string>
			<key>lastKnownFileType</key>
			<string>sourcecode.c.objc</string>
			<key>path</key>
			<string>UIView+RTTClear.m</string>
			<key>sourceTree</key>
			<string>&lt;group&gt;</string>
		</dict>
		<key>ADEAFAD067E67E308FFFF51A</key>
		<dict>
			<key>fileRef</key>
			<string>ADEAF169D78364069F88A7D7</string>
			<key>isa</key>
			<string>PBXBuildFile</string>
		</dict>
		<key>ADEAFC01BD9E295C25FFC495</key>
		<dict>
			<key>fileEncoding</key>
			<string>4</string>
			<key>isa</key>
			<string>PBXFileReference</string>
			<key>lastKnownFileType</key>
			<string>sourcecode.c.objc</string>
			<key>path</key>
			<string>NSArray+RTTVectors.m</string>
			<key>sourceTree</key>
			<string>&lt;group&gt;</string>
		</dict>
		<key>ADEAFC0B1FB9BE6E8CC9ECC3</key>
		<dict>
			<key>children</key>
			<array>
				<string>ADEAF47D02A6161614DF1C00</string>
				<string>ADEAF169D78364069F88A7D7</string>
			</array>
			<key>isa</key>
			<string>PBXGroup</string>
			<key>path</key>
			<string>Model</string>
			<key>sourceTree</key>
			<string>&lt;group&gt;</string>
		</dict>
		<key>ADEAFC0FD0E2E86E8AC118AA</key>
		<dict>
			<key>fileEncoding</key>
			<string>4</string>
			<key>isa</key>
			<string>PBXFileReference</string>
			<key>lastKnownFileType</key>
			<string>sourcecode.c.h</string>
			<key>path</key>
			<string>RTTTile.h</string>
			<key>sourceTree</key>
			<string>&lt;group&gt;</string>
		</dict>
		<key>ADEAFC2B606CE562276AB1AB</key>
		<dict>
			<key>fileRef</key>
			<string>ADEAF448EEFA87E14F809E52</string>
			<key>isa</key>
			<string>PBXBuildFile</string>
		</dict>
		<key>ADEAFC5E99B31D86862983D6</key>
		<dict>
			<key>fileEncoding</key>
			<string>4</string>
			<key>isa</key>
			<string>PBXFileReference</string>
			<key>lastKnownFileType</key>
			<string>sourcecode.c.h</string>
			<key>path</key>
			<string>RTTReduceCommand.h</string>
			<key>sourceTree</key>
			<string>&lt;group&gt;</string>
		</dict>
		<key>ADEAFC9FA65D256537CB3F8C</key>
		<dict>
			<key>fileEncoding</key>
			<string>4</string>
			<key>isa</key>
			<string>PBXFileReference</string>
			<key>lastKnownFileType</key>
			<string>sourcecode.c.objc</string>
			<key>path</key>
			<string>RTTTileView.m</string>
			<key>sourceTree</key>
			<string>&lt;group&gt;</string>
		</dict>
		<key>ADEAFDE1DFD65B5F3397A476</key>
		<dict>
			<key>fileRef</key>
			<string>ADEAF0CA0A148E349E29D1AA</string>
			<key>isa</key>
			<string>PBXBuildFile</string>
		</dict>
		<key>ADEAFE33368A2955FFC338A8</key>
		<dict>
			<key>fileEncoding</key>
			<string>4</string>
			<key>isa</key>
			<string>PBXFileReference</string>
			<key>lastKnownFileType</key>
			<string>sourcecode.c.h</string>
			<key>path</key>
			<string>RTTMainViewController.h</string>
			<key>sourceTree</key>
			<string>&lt;group&gt;</string>
		</dict>
		<key>ADEAFE523E101F6D1F781EE6</key>
		<dict>
			<key>fileRef</key>
			<string>ADEAF47D02A6161614DF1C00</string>
			<key>isa</key>
			<string>PBXBuildFile</string>
		</dict>
		<key>ADEAFE5708E6C286D6FE86C2</key>
		<dict>
			<key>children</key>
			<array>
				<string>ADEAFE33368A2955FFC338A8</string>
				<string>ADEAF5D908FD0E50CBB374C9</string>
				<string>ADEAFF53CFA68F77574D4DC5</string>
				<string>ADEAF9D15270E03349469500</string>
				<string>ADEAF720E0E8A70C7E7429B9</string>
				<string>ADEAFC9FA65D256537CB3F8C</string>
				<string>ADEAF0CA0A148E349E29D1AA</string>
				<string>ADEAF659FBB17B3AEE7A8355</string>
			</array>
			<key>isa</key>
			<string>PBXGroup</string>
			<key>path</key>
			<string>View</string>
			<key>sourceTree</key>
			<string>&lt;group&gt;</string>
		</dict>
		<key>ADEAFEBDBC7D9EACD1BC98E9</key>
		<dict>
			<key>fileEncoding</key>
			<string>4</string>
			<key>isa</key>
			<string>PBXFileReference</string>
			<key>lastKnownFileType</key>
			<string>sourcecode.c.h</string>
			<key>path</key>
			<string>NSArray+RTTTiles.h</string>
			<key>sourceTree</key>
			<string>&lt;group&gt;</string>
		</dict>
		<key>ADEAFF53CFA68F77574D4DC5</key>
		<dict>
			<key>fileEncoding</key>
			<string>4</string>
			<key>isa</key>
			<string>PBXFileReference</string>
			<key>lastKnownFileType</key>
			<string>sourcecode.c.h</string>
			<key>path</key>
			<string>RTTMatrixViewController.h</string>
			<key>sourceTree</key>
			<string>&lt;group&gt;</string>
		</dict>
		<key>ADEAFF91C031A036CB45EC7A</key>
		<dict>
			<key>children</key>
			<array>
				<string>ADEAFC01BD9E295C25FFC495</string>
				<string>ADEAF1B52EF410A67E9A02F0</string>
				<string>ADEAF60C985F34239C0516C6</string>
				<string>ADEAF3CC44FD133CC822BE2E</string>
				<string>ADEAF0D1389957A097BDDEAA</string>
				<string>ADEAFEBDBC7D9EACD1BC98E9</string>
				<string>ADEAF70E0D6C63C40A386162</string>
				<string>ADEAFA9BFFC6E954202A3DEF</string>
			</array>
			<key>isa</key>
			<string>PBXGroup</string>
			<key>path</key>
			<string>Library</string>
			<key>sourceTree</key>
			<string>&lt;group&gt;</string>
		</dict>
		<key>E4D02A75CA3A2BBBB4629C48</key>
		<dict>
			<key>includeInIndex</key>
			<string>1</string>
			<key>isa</key>
			<string>PBXFileReference</string>
			<key>lastKnownFileType</key>
			<string>text.xcconfig</string>
			<key>name</key>
			<string>Pods.debug.xcconfig</string>
			<key>path</key>
			<string>Pods/Target Support Files/Pods/Pods.debug.xcconfig</string>
			<key>sourceTree</key>
			<string>&lt;group&gt;</string>
		</dict>
		<key>FB29F135505D40E38954771E</key>
		<dict>
			<key>fileRef</key>
			<string>FEED980426244769B8DB9F20</string>
			<key>isa</key>
			<string>PBXBuildFile</string>
		</dict>
		<key>FEED980426244769B8DB9F20</key>
		<dict>
			<key>explicitFileType</key>
			<string>archive.ar</string>
			<key>includeInIndex</key>
			<string>0</string>
			<key>isa</key>
			<string>PBXFileReference</string>
			<key>path</key>
			<string>libPods-r2048Tests.a</string>
			<key>sourceTree</key>
			<string>BUILT_PRODUCTS_DIR</string>
		</dict>
	</dict>
	<key>rootObject</key>
	<string>79B1DC1718E469BB003BBBE7</string>
</dict>
</plist>
